
Microsoft Visual Studio Solution File, Format Version 12.00
# Visual Studio Version 17
VisualStudioVersion = 17.9.34728.123
MinimumVisualStudioVersion = 10.0.40219.1
Project("{FAE04EC0-301F-11D3-BF4B-00C04F79EFBC}") = "10.05.2024", "HomeWork\10.05.2024.csproj", "{DD47968E-2ED1-4BB9-8039-E2332AEFD038}"
EndProject
Global
	GlobalSection(SolutionConfigurationPlatforms) = preSolution
		Debug|Any CPU = Debug|Any CPU
		Release|Any CPU = Release|Any CPU
	EndGlobalSection
	GlobalSection(ProjectConfigurationPlatforms) = postSolution
		{DD47968E-2ED1-4BB9-8039-E2332AEFD038}.Debug|Any CPU.ActiveCfg = Debug|Any CPU
		{DD47968E-2ED1-4BB9-8039-E2332AEFD038}.Debug|Any CPU.Build.0 = Debug|Any CPU
		{DD47968E-2ED1-4BB9-8039-E2332AEFD038}.Release|Any CPU.ActiveCfg = Release|Any CPU
		{DD47968E-2ED1-4BB9-8039-E2332AEFD038}.Release|Any CPU.Build.0 = Release|Any CPU
	EndGlobalSection
	GlobalSection(SolutionProperties) = preSolution
		HideSolutionNode = FALSE
	EndGlobalSection
	GlobalSection(ExtensibilityGlobals) = postSolution
		SolutionGuid = {3841251B-BA95-41F1-BB06-263F05DB22C0}
	EndGlobalSection
EndGlobal
