
Microsoft Visual Studio Solution File, Format Version 12.00
# Visual Studio Version 17
VisualStudioVersion = 17.9.34728.123
MinimumVisualStudioVersion = 10.0.40219.1
Project("{9A19103F-16F7-4668-BE54-9A1E7A4F7556}") = "10.05.2024", "HomeWork\10.05.2024.csproj", "{DD47968E-2ED1-4BB9-8039-E2332AEFD038}"
EndProject
Project("{9A19103F-16F7-4668-BE54-9A1E7A4F7556}") = "15.05.2024", "15.05.2024\15.05.2024.csproj", "{177BF3B1-EE2E-4F14-BF78-88818D4A7C4F}"
EndProject
Project("{9A19103F-16F7-4668-BE54-9A1E7A4F7556}") = "22.05.2024", "22.05.2024\22.05.2024.csproj", "{F27E11B0-A918-4CA6-967A-04C34E5B5991}"
EndProject
Project("{FAE04EC0-301F-11D3-BF4B-00C04F79EFBC}") = "31.05.24", "31.05.24\31.05.24.csproj", "{CB2542C9-F8E0-4061-BCD4-D4BCDE95D490}"
EndProject
Project("{FAE04EC0-301F-11D3-BF4B-00C04F79EFBC}") = "31.05.24 (V2)", "31.05.24 (V2)\31.05.24 (V2).csproj", "{365B6DC7-27AA-4A5B-90C4-F82C2036044F}"
EndProject
Global
	GlobalSection(SolutionConfigurationPlatforms) = preSolution
		Debug|Any CPU = Debug|Any CPU
		Release|Any CPU = Release|Any CPU
	EndGlobalSection
	GlobalSection(ProjectConfigurationPlatforms) = postSolution
		{DD47968E-2ED1-4BB9-8039-E2332AEFD038}.Debug|Any CPU.ActiveCfg = Debug|Any CPU
		{DD47968E-2ED1-4BB9-8039-E2332AEFD038}.Debug|Any CPU.Build.0 = Debug|Any CPU
		{DD47968E-2ED1-4BB9-8039-E2332AEFD038}.Release|Any CPU.ActiveCfg = Release|Any CPU
		{DD47968E-2ED1-4BB9-8039-E2332AEFD038}.Release|Any CPU.Build.0 = Release|Any CPU
		{177BF3B1-EE2E-4F14-BF78-88818D4A7C4F}.Debug|Any CPU.ActiveCfg = Debug|Any CPU
		{177BF3B1-EE2E-4F14-BF78-88818D4A7C4F}.Debug|Any CPU.Build.0 = Debug|Any CPU
		{177BF3B1-EE2E-4F14-BF78-88818D4A7C4F}.Release|Any CPU.ActiveCfg = Release|Any CPU
		{177BF3B1-EE2E-4F14-BF78-88818D4A7C4F}.Release|Any CPU.Build.0 = Release|Any CPU
		{F27E11B0-A918-4CA6-967A-04C34E5B5991}.Debug|Any CPU.ActiveCfg = Debug|Any CPU
		{F27E11B0-A918-4CA6-967A-04C34E5B5991}.Debug|Any CPU.Build.0 = Debug|Any CPU
		{F27E11B0-A918-4CA6-967A-04C34E5B5991}.Release|Any CPU.ActiveCfg = Release|Any CPU
		{F27E11B0-A918-4CA6-967A-04C34E5B5991}.Release|Any CPU.Build.0 = Release|Any CPU
		{CB2542C9-F8E0-4061-BCD4-D4BCDE95D490}.Debug|Any CPU.ActiveCfg = Debug|Any CPU
		{CB2542C9-F8E0-4061-BCD4-D4BCDE95D490}.Debug|Any CPU.Build.0 = Debug|Any CPU
		{CB2542C9-F8E0-4061-BCD4-D4BCDE95D490}.Release|Any CPU.ActiveCfg = Release|Any CPU
		{CB2542C9-F8E0-4061-BCD4-D4BCDE95D490}.Release|Any CPU.Build.0 = Release|Any CPU
		{365B6DC7-27AA-4A5B-90C4-F82C2036044F}.Debug|Any CPU.ActiveCfg = Debug|Any CPU
		{365B6DC7-27AA-4A5B-90C4-F82C2036044F}.Debug|Any CPU.Build.0 = Debug|Any CPU
		{365B6DC7-27AA-4A5B-90C4-F82C2036044F}.Release|Any CPU.ActiveCfg = Release|Any CPU
		{365B6DC7-27AA-4A5B-90C4-F82C2036044F}.Release|Any CPU.Build.0 = Release|Any CPU
	EndGlobalSection
	GlobalSection(SolutionProperties) = preSolution
		HideSolutionNode = FALSE
	EndGlobalSection
	GlobalSection(ExtensibilityGlobals) = postSolution
		SolutionGuid = {3841251B-BA95-41F1-BB06-263F05DB22C0}
	EndGlobalSection
EndGlobal
